// !$*UTF8*$!
{
	archiveVersion = 1;
	classes = {
	};
	objectVersion = 55;
	objects = {

/* Begin PBXBuildFile section */
		6444452827F4D52C00E89EAC /* main.cpp in Sources */ = {isa = PBXBuildFile; fileRef = 6444452627F4D52C00E89EAC /* main.cpp */; };
		6444454627F4D58500E89EAC /* secparser.cpp in Sources */ = {isa = PBXBuildFile; fileRef = 6444452B27F4D58400E89EAC /* secparser.cpp */; };
		6444454727F4D58500E89EAC /* ip4addr.cpp in Sources */ = {isa = PBXBuildFile; fileRef = 6444452D27F4D58400E89EAC /* ip4addr.cpp */; };
		6444454827F4D58500E89EAC /* bytebuffer.cpp in Sources */ = {isa = PBXBuildFile; fileRef = 6444452E27F4D58400E89EAC /* bytebuffer.cpp */; };
		6444454927F4D58500E89EAC /* netexcept.cpp in Sources */ = {isa = PBXBuildFile; fileRef = 6444452F27F4D58400E89EAC /* netexcept.cpp */; };
		6444454A27F4D58500E89EAC /* section.cpp in Sources */ = {isa = PBXBuildFile; fileRef = 6444453127F4D58400E89EAC /* section.cpp */; };
		6444454B27F4D58500E89EAC /* strutil.cpp in Sources */ = {isa = PBXBuildFile; fileRef = 6444453627F4D58400E89EAC /* strutil.cpp */; };
		6444454C27F4D58500E89EAC /* secgroup.cpp in Sources */ = {isa = PBXBuildFile; fileRef = 6444453727F4D58400E89EAC /* secgroup.cpp */; };
		6444454D27F4D58500E89EAC /* ip4list.cpp in Sources */ = {isa = PBXBuildFile; fileRef = 6444453827F4D58400E89EAC /* ip4list.cpp */; };
		6444454E27F4D58500E89EAC /* socket.cpp in Sources */ = {isa = PBXBuildFile; fileRef = 6444453B27F4D58400E89EAC /* socket.cpp */; };
		6444454F27F4D58500E89EAC /* mapip.cpp in Sources */ = {isa = PBXBuildFile; fileRef = 6444453E27F4D58400E89EAC /* mapip.cpp */; };
		6444455027F4D58500E89EAC /* netsupport.cpp in Sources */ = {isa = PBXBuildFile; fileRef = 6444454127F4D58500E89EAC /* netsupport.cpp */; };
		6444455127F4D58500E89EAC /* header.cpp in Sources */ = {isa = PBXBuildFile; fileRef = 6444454227F4D58500E89EAC /* header.cpp */; };
		6444455227F4D58500E89EAC /* EventTimer.cpp in Sources */ = {isa = PBXBuildFile; fileRef = 6444454427F4D58500E89EAC /* EventTimer.cpp */; };
		6444455327F4D58500E89EAC /* keyvalue.cpp in Sources */ = {isa = PBXBuildFile; fileRef = 6444454527F4D58500E89EAC /* keyvalue.cpp */; };
		6444455627F4D5AC00E89EAC /* libz.tbd in Frameworks */ = {isa = PBXBuildFile; fileRef = 6444455527F4D5A200E89EAC /* libz.tbd */; };
		6444455927F4D5ED00E89EAC /* system_types.cpp in Sources */ = {isa = PBXBuildFile; fileRef = 6444455727F4D5ED00E89EAC /* system_types.cpp */; };
		645D976327F76761009967D9 /* itemobj.cpp in Sources */ = {isa = PBXBuildFile; fileRef = 645D976127F76761009967D9 /* itemobj.cpp */; };
		645D976627F7A43E009967D9 /* region.cpp in Sources */ = {isa = PBXBuildFile; fileRef = 645D976427F7A43E009967D9 /* region.cpp */; };
		645D979927FB1D65009967D9 /* console.cpp in Sources */ = {isa = PBXBuildFile; fileRef = 645D979527FB1D65009967D9 /* console.cpp */; };
		645D979A27FB1D65009967D9 /* logger.cpp in Sources */ = {isa = PBXBuildFile; fileRef = 645D979827FB1D65009967D9 /* logger.cpp */; };
		645D979D27FB5E2D009967D9 /* account.cpp in Sources */ = {isa = PBXBuildFile; fileRef = 645D979B27FB5E2D009967D9 /* account.cpp */; };
		645D97A027FB5F3E009967D9 /* mobobj.cpp in Sources */ = {isa = PBXBuildFile; fileRef = 645D979E27FB5F3E009967D9 /* mobobj.cpp */; };
		645D97A327FB5FF6009967D9 /* playerobj.cpp in Sources */ = {isa = PBXBuildFile; fileRef = 645D97A127FB5FF6009967D9 /* playerobj.cpp */; };
		649A9BC827F4EDB40088A8E4 /* serverlocation.cpp in Sources */ = {isa = PBXBuildFile; fileRef = 649A9BC627F4EDB40088A8E4 /* serverlocation.cpp */; };
		64B714C327F5491D004F1042 /* tileinfo.cpp in Sources */ = {isa = PBXBuildFile; fileRef = 64B714C227F5491D004F1042 /* tileinfo.cpp */; };
		64B714C627F54CC2004F1042 /* uopfile.cpp in Sources */ = {isa = PBXBuildFile; fileRef = 64B714C527F54CC2004F1042 /* uopfile.cpp */; };
		64B714C927F54ED2004F1042 /* uomulti.cpp in Sources */ = {isa = PBXBuildFile; fileRef = 64B714C827F54ED2004F1042 /* uomulti.cpp */; };
		64B714CF27F5B8DD004F1042 /* langmsg.cpp in Sources */ = {isa = PBXBuildFile; fileRef = 64B714CD27F5B8DD004F1042 /* langmsg.cpp */; };
		64B714D227F5F2E1004F1042 /* world.cpp in Sources */ = {isa = PBXBuildFile; fileRef = 64B714D027F5F2E1004F1042 /* world.cpp */; };
		64B714D927F5F54E004F1042 /* terrainblock.cpp in Sources */ = {isa = PBXBuildFile; fileRef = 64B714D327F5F54E004F1042 /* terrainblock.cpp */; };
		64B714DA27F5F54E004F1042 /* artblock.cpp in Sources */ = {isa = PBXBuildFile; fileRef = 64B714D527F5F54E004F1042 /* artblock.cpp */; };
		64B714DB27F5F54E004F1042 /* uomap.cpp in Sources */ = {isa = PBXBuildFile; fileRef = 64B714D827F5F54E004F1042 /* uomap.cpp */; };
		64B714DE27F5F695004F1042 /* factory.cpp in Sources */ = {isa = PBXBuildFile; fileRef = 64B714DC27F5F695004F1042 /* factory.cpp */; };
		64B714E127F5F6C2004F1042 /* serial_generator.cpp in Sources */ = {isa = PBXBuildFile; fileRef = 64B714DF27F5F6C2004F1042 /* serial_generator.cpp */; };
		64B714E427F5F725004F1042 /* object_types.cpp in Sources */ = {isa = PBXBuildFile; fileRef = 64B714E227F5F725004F1042 /* object_types.cpp */; };
		64B714EA27F5FC16004F1042 /* ultima_types.cpp in Sources */ = {isa = PBXBuildFile; fileRef = 64B714E827F5FC15004F1042 /* ultima_types.cpp */; };
		64B714ED27F61762004F1042 /* universe.cpp in Sources */ = {isa = PBXBuildFile; fileRef = 64B714EB27F61762004F1042 /* universe.cpp */; };
		64B714F027F63CAD004F1042 /* baseobj.cpp in Sources */ = {isa = PBXBuildFile; fileRef = 64B714EE27F63CAD004F1042 /* baseobj.cpp */; };
		64B714F327F64AC0004F1042 /* position_types.cpp in Sources */ = {isa = PBXBuildFile; fileRef = 64B714F127F64AC0004F1042 /* position_types.cpp */; };
/* End PBXBuildFile section */

/* Begin PBXCopyFilesBuildPhase section */
		6444451427F4D2FA00E89EAC /* CopyFiles */ = {
			isa = PBXCopyFilesBuildPhase;
			buildActionMask = 2147483647;
			dstPath = /usr/share/man/man1/;
			dstSubfolderSpec = 0;
			files = (
			);
			runOnlyForDeploymentPostprocessing = 1;
		};
/* End PBXCopyFilesBuildPhase section */

/* Begin PBXFileReference section */
		6444451627F4D2FA00E89EAC /* uox */ = {isa = PBXFileReference; explicitFileType = "compiled.mach-o.executable"; includeInIndex = 0; path = uox; sourceTree = BUILT_PRODUCTS_DIR; };
		6444452627F4D52C00E89EAC /* main.cpp */ = {isa = PBXFileReference; fileEncoding = 4; lastKnownFileType = sourcecode.cpp.cpp; path = main.cpp; sourceTree = "<group>"; };
		6444452927F4D58400E89EAC /* CMakeLists.txt */ = {isa = PBXFileReference; fileEncoding = 4; lastKnownFileType = text; path = CMakeLists.txt; sourceTree = "<group>"; };
		6444452A27F4D58400E89EAC /* EventTimer.hpp */ = {isa = PBXFileReference; fileEncoding = 4; lastKnownFileType = sourcecode.cpp.h; path = EventTimer.hpp; sourceTree = "<group>"; };
		6444452B27F4D58400E89EAC /* secparser.cpp */ = {isa = PBXFileReference; fileEncoding = 4; lastKnownFileType = sourcecode.cpp.cpp; path = secparser.cpp; sourceTree = "<group>"; };
		6444452C27F4D58400E89EAC /* ip4list.hpp */ = {isa = PBXFileReference; fileEncoding = 4; lastKnownFileType = sourcecode.cpp.h; path = ip4list.hpp; sourceTree = "<group>"; };
		6444452D27F4D58400E89EAC /* ip4addr.cpp */ = {isa = PBXFileReference; fileEncoding = 4; lastKnownFileType = sourcecode.cpp.cpp; path = ip4addr.cpp; sourceTree = "<group>"; };
		6444452E27F4D58400E89EAC /* bytebuffer.cpp */ = {isa = PBXFileReference; fileEncoding = 4; lastKnownFileType = sourcecode.cpp.cpp; path = bytebuffer.cpp; sourceTree = "<group>"; };
		6444452F27F4D58400E89EAC /* netexcept.cpp */ = {isa = PBXFileReference; fileEncoding = 4; lastKnownFileType = sourcecode.cpp.cpp; path = netexcept.cpp; sourceTree = "<group>"; };
		6444453027F4D58400E89EAC /* strutil.hpp */ = {isa = PBXFileReference; fileEncoding = 4; lastKnownFileType = sourcecode.cpp.h; path = strutil.hpp; sourceTree = "<group>"; };
		6444453127F4D58400E89EAC /* section.cpp */ = {isa = PBXFileReference; fileEncoding = 4; lastKnownFileType = sourcecode.cpp.cpp; path = section.cpp; sourceTree = "<group>"; };
		6444453227F4D58400E89EAC /* mapip.hpp */ = {isa = PBXFileReference; fileEncoding = 4; lastKnownFileType = sourcecode.cpp.h; path = mapip.hpp; sourceTree = "<group>"; };
		6444453327F4D58400E89EAC /* section.hpp */ = {isa = PBXFileReference; fileEncoding = 4; lastKnownFileType = sourcecode.cpp.h; path = section.hpp; sourceTree = "<group>"; };
		6444453427F4D58400E89EAC /* secgroup.hpp */ = {isa = PBXFileReference; fileEncoding = 4; lastKnownFileType = sourcecode.cpp.h; path = secgroup.hpp; sourceTree = "<group>"; };
		6444453527F4D58400E89EAC /* secparser.hpp */ = {isa = PBXFileReference; fileEncoding = 4; lastKnownFileType = sourcecode.cpp.h; path = secparser.hpp; sourceTree = "<group>"; };
		6444453627F4D58400E89EAC /* strutil.cpp */ = {isa = PBXFileReference; fileEncoding = 4; lastKnownFileType = sourcecode.cpp.cpp; path = strutil.cpp; sourceTree = "<group>"; };
		6444453727F4D58400E89EAC /* secgroup.cpp */ = {isa = PBXFileReference; fileEncoding = 4; lastKnownFileType = sourcecode.cpp.cpp; path = secgroup.cpp; sourceTree = "<group>"; };
		6444453827F4D58400E89EAC /* ip4list.cpp */ = {isa = PBXFileReference; fileEncoding = 4; lastKnownFileType = sourcecode.cpp.cpp; path = ip4list.cpp; sourceTree = "<group>"; };
		6444453927F4D58400E89EAC /* netsupport.hpp */ = {isa = PBXFileReference; fileEncoding = 4; lastKnownFileType = sourcecode.cpp.h; path = netsupport.hpp; sourceTree = "<group>"; };
		6444453A27F4D58400E89EAC /* keyvalue.hpp */ = {isa = PBXFileReference; fileEncoding = 4; lastKnownFileType = sourcecode.cpp.h; path = keyvalue.hpp; sourceTree = "<group>"; };
		6444453B27F4D58400E89EAC /* socket.cpp */ = {isa = PBXFileReference; fileEncoding = 4; lastKnownFileType = sourcecode.cpp.cpp; path = socket.cpp; sourceTree = "<group>"; };
		6444453C27F4D58400E89EAC /* socket.hpp */ = {isa = PBXFileReference; fileEncoding = 4; lastKnownFileType = sourcecode.cpp.h; path = socket.hpp; sourceTree = "<group>"; };
		6444453D27F4D58400E89EAC /* netexcept.hpp */ = {isa = PBXFileReference; fileEncoding = 4; lastKnownFileType = sourcecode.cpp.h; path = netexcept.hpp; sourceTree = "<group>"; };
		6444453E27F4D58400E89EAC /* mapip.cpp */ = {isa = PBXFileReference; fileEncoding = 4; lastKnownFileType = sourcecode.cpp.cpp; path = mapip.cpp; sourceTree = "<group>"; };
		6444453F27F4D58400E89EAC /* ip4addr.hpp */ = {isa = PBXFileReference; fileEncoding = 4; lastKnownFileType = sourcecode.cpp.h; path = ip4addr.hpp; sourceTree = "<group>"; };
		6444454027F4D58500E89EAC /* header.hpp */ = {isa = PBXFileReference; fileEncoding = 4; lastKnownFileType = sourcecode.cpp.h; path = header.hpp; sourceTree = "<group>"; };
		6444454127F4D58500E89EAC /* netsupport.cpp */ = {isa = PBXFileReference; fileEncoding = 4; lastKnownFileType = sourcecode.cpp.cpp; path = netsupport.cpp; sourceTree = "<group>"; };
		6444454227F4D58500E89EAC /* header.cpp */ = {isa = PBXFileReference; fileEncoding = 4; lastKnownFileType = sourcecode.cpp.cpp; path = header.cpp; sourceTree = "<group>"; };
		6444454327F4D58500E89EAC /* bytebuffer.hpp */ = {isa = PBXFileReference; fileEncoding = 4; lastKnownFileType = sourcecode.cpp.h; path = bytebuffer.hpp; sourceTree = "<group>"; };
		6444454427F4D58500E89EAC /* EventTimer.cpp */ = {isa = PBXFileReference; fileEncoding = 4; lastKnownFileType = sourcecode.cpp.cpp; path = EventTimer.cpp; sourceTree = "<group>"; };
		6444454527F4D58500E89EAC /* keyvalue.cpp */ = {isa = PBXFileReference; fileEncoding = 4; lastKnownFileType = sourcecode.cpp.cpp; path = keyvalue.cpp; sourceTree = "<group>"; };
		6444455527F4D5A200E89EAC /* libz.tbd */ = {isa = PBXFileReference; lastKnownFileType = "sourcecode.text-based-dylib-definition"; name = libz.tbd; path = usr/lib/libz.tbd; sourceTree = SDKROOT; };
		6444455727F4D5ED00E89EAC /* system_types.cpp */ = {isa = PBXFileReference; lastKnownFileType = sourcecode.cpp.cpp; path = system_types.cpp; sourceTree = "<group>"; };
		6444455827F4D5ED00E89EAC /* system_types.hpp */ = {isa = PBXFileReference; lastKnownFileType = sourcecode.cpp.h; path = system_types.hpp; sourceTree = "<group>"; };
		645D976127F76761009967D9 /* itemobj.cpp */ = {isa = PBXFileReference; lastKnownFileType = sourcecode.cpp.cpp; path = itemobj.cpp; sourceTree = "<group>"; };
		645D976227F76761009967D9 /* itemobj.hpp */ = {isa = PBXFileReference; lastKnownFileType = sourcecode.cpp.h; path = itemobj.hpp; sourceTree = "<group>"; };
		645D976427F7A43E009967D9 /* region.cpp */ = {isa = PBXFileReference; lastKnownFileType = sourcecode.cpp.cpp; path = region.cpp; sourceTree = "<group>"; };
		645D976527F7A43E009967D9 /* region.hpp */ = {isa = PBXFileReference; lastKnownFileType = sourcecode.cpp.h; path = region.hpp; sourceTree = "<group>"; };
		645D979527FB1D65009967D9 /* console.cpp */ = {isa = PBXFileReference; fileEncoding = 4; lastKnownFileType = sourcecode.cpp.cpp; path = console.cpp; sourceTree = "<group>"; };
		645D979627FB1D65009967D9 /* logger.hpp */ = {isa = PBXFileReference; fileEncoding = 4; lastKnownFileType = sourcecode.cpp.h; path = logger.hpp; sourceTree = "<group>"; };
		645D979727FB1D65009967D9 /* console.hpp */ = {isa = PBXFileReference; fileEncoding = 4; lastKnownFileType = sourcecode.cpp.h; path = console.hpp; sourceTree = "<group>"; };
		645D979827FB1D65009967D9 /* logger.cpp */ = {isa = PBXFileReference; fileEncoding = 4; lastKnownFileType = sourcecode.cpp.cpp; path = logger.cpp; sourceTree = "<group>"; };
		645D979B27FB5E2D009967D9 /* account.cpp */ = {isa = PBXFileReference; lastKnownFileType = sourcecode.cpp.cpp; path = account.cpp; sourceTree = "<group>"; };
		645D979C27FB5E2D009967D9 /* account.hpp */ = {isa = PBXFileReference; lastKnownFileType = sourcecode.cpp.h; path = account.hpp; sourceTree = "<group>"; };
		645D979E27FB5F3E009967D9 /* mobobj.cpp */ = {isa = PBXFileReference; lastKnownFileType = sourcecode.cpp.cpp; path = mobobj.cpp; sourceTree = "<group>"; };
		645D979F27FB5F3E009967D9 /* mobobj.hpp */ = {isa = PBXFileReference; lastKnownFileType = sourcecode.cpp.h; path = mobobj.hpp; sourceTree = "<group>"; };
		645D97A127FB5FF6009967D9 /* playerobj.cpp */ = {isa = PBXFileReference; lastKnownFileType = sourcecode.cpp.cpp; path = playerobj.cpp; sourceTree = "<group>"; };
		645D97A227FB5FF6009967D9 /* playerobj.hpp */ = {isa = PBXFileReference; lastKnownFileType = sourcecode.cpp.h; path = playerobj.hpp; sourceTree = "<group>"; };
		649A9BC627F4EDB40088A8E4 /* serverlocation.cpp */ = {isa = PBXFileReference; lastKnownFileType = sourcecode.cpp.cpp; path = serverlocation.cpp; sourceTree = "<group>"; };
		649A9BC727F4EDB40088A8E4 /* serverlocation.hpp */ = {isa = PBXFileReference; lastKnownFileType = sourcecode.cpp.h; path = serverlocation.hpp; sourceTree = "<group>"; };
		64B714C127F5491D004F1042 /* tileinfo.hpp */ = {isa = PBXFileReference; fileEncoding = 4; lastKnownFileType = sourcecode.cpp.h; path = tileinfo.hpp; sourceTree = "<group>"; };
		64B714C227F5491D004F1042 /* tileinfo.cpp */ = {isa = PBXFileReference; fileEncoding = 4; lastKnownFileType = sourcecode.cpp.cpp; path = tileinfo.cpp; sourceTree = "<group>"; };
		64B714C427F54CC2004F1042 /* uopfile.hpp */ = {isa = PBXFileReference; fileEncoding = 4; lastKnownFileType = sourcecode.cpp.h; path = uopfile.hpp; sourceTree = "<group>"; };
		64B714C527F54CC2004F1042 /* uopfile.cpp */ = {isa = PBXFileReference; fileEncoding = 4; lastKnownFileType = sourcecode.cpp.cpp; path = uopfile.cpp; sourceTree = "<group>"; };
		64B714C727F54ED2004F1042 /* uomulti.hpp */ = {isa = PBXFileReference; fileEncoding = 4; lastKnownFileType = sourcecode.cpp.h; path = uomulti.hpp; sourceTree = "<group>"; };
		64B714C827F54ED2004F1042 /* uomulti.cpp */ = {isa = PBXFileReference; fileEncoding = 4; lastKnownFileType = sourcecode.cpp.cpp; path = uomulti.cpp; sourceTree = "<group>"; };
		64B714CD27F5B8DD004F1042 /* langmsg.cpp */ = {isa = PBXFileReference; lastKnownFileType = sourcecode.cpp.cpp; path = langmsg.cpp; sourceTree = "<group>"; };
		64B714CE27F5B8DD004F1042 /* langmsg.hpp */ = {isa = PBXFileReference; lastKnownFileType = sourcecode.cpp.h; path = langmsg.hpp; sourceTree = "<group>"; };
		64B714D027F5F2E1004F1042 /* world.cpp */ = {isa = PBXFileReference; lastKnownFileType = sourcecode.cpp.cpp; path = world.cpp; sourceTree = "<group>"; };
		64B714D127F5F2E1004F1042 /* world.hpp */ = {isa = PBXFileReference; lastKnownFileType = sourcecode.cpp.h; path = world.hpp; sourceTree = "<group>"; };
		64B714D327F5F54E004F1042 /* terrainblock.cpp */ = {isa = PBXFileReference; fileEncoding = 4; lastKnownFileType = sourcecode.cpp.cpp; path = terrainblock.cpp; sourceTree = "<group>"; };
		64B714D427F5F54E004F1042 /* artblock.hpp */ = {isa = PBXFileReference; fileEncoding = 4; lastKnownFileType = sourcecode.cpp.h; path = artblock.hpp; sourceTree = "<group>"; };
		64B714D527F5F54E004F1042 /* artblock.cpp */ = {isa = PBXFileReference; fileEncoding = 4; lastKnownFileType = sourcecode.cpp.cpp; path = artblock.cpp; sourceTree = "<group>"; };
		64B714D627F5F54E004F1042 /* uomap.hpp */ = {isa = PBXFileReference; fileEncoding = 4; lastKnownFileType = sourcecode.cpp.h; path = uomap.hpp; sourceTree = "<group>"; };
		64B714D727F5F54E004F1042 /* terrainblock.hpp */ = {isa = PBXFileReference; fileEncoding = 4; lastKnownFileType = sourcecode.cpp.h; path = terrainblock.hpp; sourceTree = "<group>"; };
		64B714D827F5F54E004F1042 /* uomap.cpp */ = {isa = PBXFileReference; fileEncoding = 4; lastKnownFileType = sourcecode.cpp.cpp; path = uomap.cpp; sourceTree = "<group>"; };
		64B714DC27F5F695004F1042 /* factory.cpp */ = {isa = PBXFileReference; lastKnownFileType = sourcecode.cpp.cpp; path = factory.cpp; sourceTree = "<group>"; };
		64B714DD27F5F695004F1042 /* factory.hpp */ = {isa = PBXFileReference; lastKnownFileType = sourcecode.cpp.h; path = factory.hpp; sourceTree = "<group>"; };
		64B714DF27F5F6C2004F1042 /* serial_generator.cpp */ = {isa = PBXFileReference; lastKnownFileType = sourcecode.cpp.cpp; path = serial_generator.cpp; sourceTree = "<group>"; };
		64B714E027F5F6C2004F1042 /* serial_generator.hpp */ = {isa = PBXFileReference; lastKnownFileType = sourcecode.cpp.h; path = serial_generator.hpp; sourceTree = "<group>"; };
		64B714E227F5F725004F1042 /* object_types.cpp */ = {isa = PBXFileReference; lastKnownFileType = sourcecode.cpp.cpp; path = object_types.cpp; sourceTree = "<group>"; };
		64B714E327F5F725004F1042 /* object_types.hpp */ = {isa = PBXFileReference; lastKnownFileType = sourcecode.cpp.h; path = object_types.hpp; sourceTree = "<group>"; };
		64B714E827F5FC15004F1042 /* ultima_types.cpp */ = {isa = PBXFileReference; fileEncoding = 4; lastKnownFileType = sourcecode.cpp.cpp; path = ultima_types.cpp; sourceTree = "<group>"; };
		64B714E927F5FC15004F1042 /* ultima_types.hpp */ = {isa = PBXFileReference; fileEncoding = 4; lastKnownFileType = sourcecode.cpp.h; path = ultima_types.hpp; sourceTree = "<group>"; };
		64B714EB27F61762004F1042 /* universe.cpp */ = {isa = PBXFileReference; lastKnownFileType = sourcecode.cpp.cpp; path = universe.cpp; sourceTree = "<group>"; };
		64B714EC27F61762004F1042 /* universe.hpp */ = {isa = PBXFileReference; lastKnownFileType = sourcecode.cpp.h; path = universe.hpp; sourceTree = "<group>"; };
		64B714EE27F63CAD004F1042 /* baseobj.cpp */ = {isa = PBXFileReference; lastKnownFileType = sourcecode.cpp.cpp; path = baseobj.cpp; sourceTree = "<group>"; };
		64B714EF27F63CAD004F1042 /* baseobj.hpp */ = {isa = PBXFileReference; lastKnownFileType = sourcecode.cpp.h; path = baseobj.hpp; sourceTree = "<group>"; };
		64B714F127F64AC0004F1042 /* position_types.cpp */ = {isa = PBXFileReference; lastKnownFileType = sourcecode.cpp.cpp; path = position_types.cpp; sourceTree = "<group>"; };
		64B714F227F64AC0004F1042 /* position_types.hpp */ = {isa = PBXFileReference; lastKnownFileType = sourcecode.cpp.h; path = position_types.hpp; sourceTree = "<group>"; };
/* End PBXFileReference section */

/* Begin PBXFrameworksBuildPhase section */
		6444451327F4D2FA00E89EAC /* Frameworks */ = {
			isa = PBXFrameworksBuildPhase;
			buildActionMask = 2147483647;
			files = (
				6444455627F4D5AC00E89EAC /* libz.tbd in Frameworks */,
			);
			runOnlyForDeploymentPostprocessing = 0;
		};
/* End PBXFrameworksBuildPhase section */

/* Begin PBXGroup section */
		6444450D27F4D2FA00E89EAC = {
			isa = PBXGroup;
			children = (
				6444452027F4D52C00E89EAC /* server */,
				6444451727F4D2FA00E89EAC /* Products */,
				6444455427F4D5A200E89EAC /* Frameworks */,
			);
			sourceTree = "<group>";
		};
		6444451727F4D2FA00E89EAC /* Products */ = {
			isa = PBXGroup;
			children = (
				6444451627F4D2FA00E89EAC /* uox */,
			);
			name = Products;
			sourceTree = "<group>";
		};
		6444452027F4D52C00E89EAC /* server */ = {
			isa = PBXGroup;
			children = (
				6444452627F4D52C00E89EAC /* main.cpp */,
				6444452527F4D52C00E89EAC /* clientobjects */,
				6444452227F4D52C00E89EAC /* io */,
				6444452327F4D52C00E89EAC /* system */,
				6444452127F4D52C00E89EAC /* types */,
				6444452427F4D52C00E89EAC /* ultima */,
				6444452727F4D52C00E89EAC /* utility */,
			);
			path = server;
			sourceTree = "<group>";
		};
		6444452127F4D52C00E89EAC /* types */ = {
			isa = PBXGroup;
			children = (
				64B714E827F5FC15004F1042 /* ultima_types.cpp */,
				64B714E927F5FC15004F1042 /* ultima_types.hpp */,
				6444455727F4D5ED00E89EAC /* system_types.cpp */,
				6444455827F4D5ED00E89EAC /* system_types.hpp */,
				64B714E227F5F725004F1042 /* object_types.cpp */,
				64B714E327F5F725004F1042 /* object_types.hpp */,
				64B714F127F64AC0004F1042 /* position_types.cpp */,
				64B714F227F64AC0004F1042 /* position_types.hpp */,
			);
			path = types;
			sourceTree = "<group>";
		};
		6444452227F4D52C00E89EAC /* io */ = {
			isa = PBXGroup;
			children = (
				645D979527FB1D65009967D9 /* console.cpp */,
				645D979727FB1D65009967D9 /* console.hpp */,
				645D979827FB1D65009967D9 /* logger.cpp */,
				645D979627FB1D65009967D9 /* logger.hpp */,
			);
			path = io;
			sourceTree = "<group>";
		};
		6444452327F4D52C00E89EAC /* system */ = {
			isa = PBXGroup;
			children = (
				649A9BC627F4EDB40088A8E4 /* serverlocation.cpp */,
				649A9BC727F4EDB40088A8E4 /* serverlocation.hpp */,
				64B714CD27F5B8DD004F1042 /* langmsg.cpp */,
				64B714CE27F5B8DD004F1042 /* langmsg.hpp */,
				64B714D027F5F2E1004F1042 /* world.cpp */,
				64B714D127F5F2E1004F1042 /* world.hpp */,
				64B714EB27F61762004F1042 /* universe.cpp */,
				64B714EC27F61762004F1042 /* universe.hpp */,
				645D976427F7A43E009967D9 /* region.cpp */,
				645D976527F7A43E009967D9 /* region.hpp */,
				645D979B27FB5E2D009967D9 /* account.cpp */,
				645D979C27FB5E2D009967D9 /* account.hpp */,
			);
			path = system;
			sourceTree = "<group>";
		};
		6444452427F4D52C00E89EAC /* ultima */ = {
			isa = PBXGroup;
			children = (
				64B714D527F5F54E004F1042 /* artblock.cpp */,
				64B714D427F5F54E004F1042 /* artblock.hpp */,
				64B714D327F5F54E004F1042 /* terrainblock.cpp */,
				64B714D727F5F54E004F1042 /* terrainblock.hpp */,
				64B714D827F5F54E004F1042 /* uomap.cpp */,
				64B714D627F5F54E004F1042 /* uomap.hpp */,
				64B714C827F54ED2004F1042 /* uomulti.cpp */,
				64B714C727F54ED2004F1042 /* uomulti.hpp */,
				64B714C527F54CC2004F1042 /* uopfile.cpp */,
				64B714C427F54CC2004F1042 /* uopfile.hpp */,
				64B714C227F5491D004F1042 /* tileinfo.cpp */,
				64B714C127F5491D004F1042 /* tileinfo.hpp */,
			);
			path = ultima;
			sourceTree = "<group>";
		};
		6444452527F4D52C00E89EAC /* clientobjects */ = {
			isa = PBXGroup;
			children = (
				64B714DC27F5F695004F1042 /* factory.cpp */,
				64B714DD27F5F695004F1042 /* factory.hpp */,
				64B714DF27F5F6C2004F1042 /* serial_generator.cpp */,
				64B714E027F5F6C2004F1042 /* serial_generator.hpp */,
				64B714EE27F63CAD004F1042 /* baseobj.cpp */,
				64B714EF27F63CAD004F1042 /* baseobj.hpp */,
				645D976127F76761009967D9 /* itemobj.cpp */,
				645D976227F76761009967D9 /* itemobj.hpp */,
				645D979E27FB5F3E009967D9 /* mobobj.cpp */,
				645D979F27FB5F3E009967D9 /* mobobj.hpp */,
				645D97A127FB5FF6009967D9 /* playerobj.cpp */,
				645D97A227FB5FF6009967D9 /* playerobj.hpp */,
			);
			path = clientobjects;
			sourceTree = "<group>";
		};
		6444452727F4D52C00E89EAC /* utility */ = {
			isa = PBXGroup;
			children = (
				6444452E27F4D58400E89EAC /* bytebuffer.cpp */,
				6444454327F4D58500E89EAC /* bytebuffer.hpp */,
				6444452927F4D58400E89EAC /* CMakeLists.txt */,
				6444454427F4D58500E89EAC /* EventTimer.cpp */,
				6444452A27F4D58400E89EAC /* EventTimer.hpp */,
				6444454227F4D58500E89EAC /* header.cpp */,
				6444454027F4D58500E89EAC /* header.hpp */,
				6444452D27F4D58400E89EAC /* ip4addr.cpp */,
				6444453F27F4D58400E89EAC /* ip4addr.hpp */,
				6444453827F4D58400E89EAC /* ip4list.cpp */,
				6444452C27F4D58400E89EAC /* ip4list.hpp */,
				6444454527F4D58500E89EAC /* keyvalue.cpp */,
				6444453A27F4D58400E89EAC /* keyvalue.hpp */,
				6444453E27F4D58400E89EAC /* mapip.cpp */,
				6444453227F4D58400E89EAC /* mapip.hpp */,
				6444452F27F4D58400E89EAC /* netexcept.cpp */,
				6444453D27F4D58400E89EAC /* netexcept.hpp */,
				6444454127F4D58500E89EAC /* netsupport.cpp */,
				6444453927F4D58400E89EAC /* netsupport.hpp */,
				6444453727F4D58400E89EAC /* secgroup.cpp */,
				6444453427F4D58400E89EAC /* secgroup.hpp */,
				6444452B27F4D58400E89EAC /* secparser.cpp */,
				6444453527F4D58400E89EAC /* secparser.hpp */,
				6444453127F4D58400E89EAC /* section.cpp */,
				6444453327F4D58400E89EAC /* section.hpp */,
				6444453B27F4D58400E89EAC /* socket.cpp */,
				6444453C27F4D58400E89EAC /* socket.hpp */,
				6444453627F4D58400E89EAC /* strutil.cpp */,
				6444453027F4D58400E89EAC /* strutil.hpp */,
			);
			path = utility;
			sourceTree = "<group>";
		};
		6444455427F4D5A200E89EAC /* Frameworks */ = {
			isa = PBXGroup;
			children = (
				6444455527F4D5A200E89EAC /* libz.tbd */,
			);
			name = Frameworks;
			sourceTree = "<group>";
		};
/* End PBXGroup section */

/* Begin PBXNativeTarget section */
		6444451527F4D2FA00E89EAC /* uox */ = {
			isa = PBXNativeTarget;
			buildConfigurationList = 6444451D27F4D2FA00E89EAC /* Build configuration list for PBXNativeTarget "uox" */;
			buildPhases = (
				6444451227F4D2FA00E89EAC /* Sources */,
				6444451327F4D2FA00E89EAC /* Frameworks */,
				6444451427F4D2FA00E89EAC /* CopyFiles */,
			);
			buildRules = (
			);
			dependencies = (
			);
			name = uox;
			productName = uox;
			productReference = 6444451627F4D2FA00E89EAC /* uox */;
			productType = "com.apple.product-type.tool";
		};
/* End PBXNativeTarget section */

/* Begin PBXProject section */
		6444450E27F4D2FA00E89EAC /* Project object */ = {
			isa = PBXProject;
			attributes = {
				BuildIndependentTargetsInParallel = 1;
				LastUpgradeCheck = 1330;
				ORGANIZATIONNAME = "Charles Kerr";
				TargetAttributes = {
					6444451527F4D2FA00E89EAC = {
						CreatedOnToolsVersion = 13.3;
					};
				};
			};
			buildConfigurationList = 6444451127F4D2FA00E89EAC /* Build configuration list for PBXProject "uox" */;
			compatibilityVersion = "Xcode 13.0";
			developmentRegion = en;
			hasScannedForEncodings = 0;
			knownRegions = (
				en,
				Base,
			);
			mainGroup = 6444450D27F4D2FA00E89EAC;
			productRefGroup = 6444451727F4D2FA00E89EAC /* Products */;
			projectDirPath = "";
			projectRoot = "";
			targets = (
				6444451527F4D2FA00E89EAC /* uox */,
			);
		};
/* End PBXProject section */

/* Begin PBXSourcesBuildPhase section */
		6444451227F4D2FA00E89EAC /* Sources */ = {
			isa = PBXSourcesBuildPhase;
			buildActionMask = 2147483647;
			files = (
				64B714CF27F5B8DD004F1042 /* langmsg.cpp in Sources */,
				64B714D927F5F54E004F1042 /* terrainblock.cpp in Sources */,
				6444455227F4D58500E89EAC /* EventTimer.cpp in Sources */,
				645D979A27FB1D65009967D9 /* logger.cpp in Sources */,
				6444454727F4D58500E89EAC /* ip4addr.cpp in Sources */,
				6444454827F4D58500E89EAC /* bytebuffer.cpp in Sources */,
				64B714D227F5F2E1004F1042 /* world.cpp in Sources */,
				645D97A327FB5FF6009967D9 /* playerobj.cpp in Sources */,
				64B714C327F5491D004F1042 /* tileinfo.cpp in Sources */,
				64B714DA27F5F54E004F1042 /* artblock.cpp in Sources */,
				64B714ED27F61762004F1042 /* universe.cpp in Sources */,
				6444454927F4D58500E89EAC /* netexcept.cpp in Sources */,
				6444455327F4D58500E89EAC /* keyvalue.cpp in Sources */,
				64B714EA27F5FC16004F1042 /* ultima_types.cpp in Sources */,
				64B714F327F64AC0004F1042 /* position_types.cpp in Sources */,
				64B714C627F54CC2004F1042 /* uopfile.cpp in Sources */,
				6444455027F4D58500E89EAC /* netsupport.cpp in Sources */,
				64B714E427F5F725004F1042 /* object_types.cpp in Sources */,
				6444455127F4D58500E89EAC /* header.cpp in Sources */,
				6444454F27F4D58500E89EAC /* mapip.cpp in Sources */,
				645D97A027FB5F3E009967D9 /* mobobj.cpp in Sources */,
				6444454A27F4D58500E89EAC /* section.cpp in Sources */,
				6444454627F4D58500E89EAC /* secparser.cpp in Sources */,
				645D976327F76761009967D9 /* itemobj.cpp in Sources */,
				6444455927F4D5ED00E89EAC /* system_types.cpp in Sources */,
				64B714DB27F5F54E004F1042 /* uomap.cpp in Sources */,
				6444454C27F4D58500E89EAC /* secgroup.cpp in Sources */,
				6444454E27F4D58500E89EAC /* socket.cpp in Sources */,
				64B714C927F54ED2004F1042 /* uomulti.cpp in Sources */,
				645D979927FB1D65009967D9 /* console.cpp in Sources */,
				64B714E127F5F6C2004F1042 /* serial_generator.cpp in Sources */,
				6444452827F4D52C00E89EAC /* main.cpp in Sources */,
				64B714F027F63CAD004F1042 /* baseobj.cpp in Sources */,
				645D979D27FB5E2D009967D9 /* account.cpp in Sources */,
				64B714DE27F5F695004F1042 /* factory.cpp in Sources */,
				6444454B27F4D58500E89EAC /* strutil.cpp in Sources */,
				6444454D27F4D58500E89EAC /* ip4list.cpp in Sources */,
				649A9BC827F4EDB40088A8E4 /* serverlocation.cpp in Sources */,
				645D976627F7A43E009967D9 /* region.cpp in Sources */,
			);
			runOnlyForDeploymentPostprocessing = 0;
		};
/* End PBXSourcesBuildPhase section */

/* Begin XCBuildConfiguration section */
		6444451B27F4D2FA00E89EAC /* Debug */ = {
			isa = XCBuildConfiguration;
			buildSettings = {
				ALWAYS_SEARCH_USER_PATHS = NO;
				CLANG_ANALYZER_NONNULL = YES;
				CLANG_ANALYZER_NUMBER_OBJECT_CONVERSION = YES_AGGRESSIVE;
				CLANG_CXX_LANGUAGE_STANDARD = "c++17";
				CLANG_ENABLE_MODULES = YES;
				CLANG_ENABLE_OBJC_ARC = YES;
				CLANG_ENABLE_OBJC_WEAK = YES;
				CLANG_WARN_BLOCK_CAPTURE_AUTORELEASING = YES;
				CLANG_WARN_BOOL_CONVERSION = YES;
				CLANG_WARN_COMMA = YES;
				CLANG_WARN_CONSTANT_CONVERSION = YES;
				CLANG_WARN_DEPRECATED_OBJC_IMPLEMENTATIONS = YES;
				CLANG_WARN_DIRECT_OBJC_ISA_USAGE = YES_ERROR;
				CLANG_WARN_DOCUMENTATION_COMMENTS = YES;
				CLANG_WARN_EMPTY_BODY = YES;
				CLANG_WARN_ENUM_CONVERSION = YES;
				CLANG_WARN_INFINITE_RECURSION = YES;
				CLANG_WARN_INT_CONVERSION = YES;
				CLANG_WARN_NON_LITERAL_NULL_CONVERSION = YES;
				CLANG_WARN_OBJC_IMPLICIT_RETAIN_SELF = YES;
				CLANG_WARN_OBJC_LITERAL_CONVERSION = YES;
				CLANG_WARN_OBJC_ROOT_CLASS = YES_ERROR;
				CLANG_WARN_QUOTED_INCLUDE_IN_FRAMEWORK_HEADER = YES;
				CLANG_WARN_RANGE_LOOP_ANALYSIS = YES;
				CLANG_WARN_STRICT_PROTOTYPES = YES;
				CLANG_WARN_SUSPICIOUS_MOVE = YES;
				CLANG_WARN_UNGUARDED_AVAILABILITY = YES_AGGRESSIVE;
				CLANG_WARN_UNREACHABLE_CODE = YES;
				CLANG_WARN__DUPLICATE_METHOD_MATCH = YES;
				COPY_PHASE_STRIP = NO;
				DEBUG_INFORMATION_FORMAT = dwarf;
				ENABLE_STRICT_OBJC_MSGSEND = YES;
				ENABLE_TESTABILITY = YES;
				GCC_C_LANGUAGE_STANDARD = c11;
				GCC_DYNAMIC_NO_PIC = NO;
				GCC_NO_COMMON_BLOCKS = YES;
				GCC_OPTIMIZATION_LEVEL = 0;
				GCC_PREPROCESSOR_DEFINITIONS = (
					"DEBUG=1",
					"$(inherited)",
				);
				GCC_WARN_64_TO_32_BIT_CONVERSION = YES;
				GCC_WARN_ABOUT_RETURN_TYPE = YES_ERROR;
				GCC_WARN_UNDECLARED_SELECTOR = YES;
				GCC_WARN_UNINITIALIZED_AUTOS = YES_AGGRESSIVE;
				GCC_WARN_UNUSED_FUNCTION = YES;
				GCC_WARN_UNUSED_VARIABLE = YES;
				MACOSX_DEPLOYMENT_TARGET = 12.3;
				MTL_ENABLE_DEBUG_INFO = INCLUDE_SOURCE;
				MTL_FAST_MATH = YES;
				ONLY_ACTIVE_ARCH = YES;
				SDKROOT = macosx;
				USER_HEADER_SEARCH_PATHS = "";
			};
			name = Debug;
		};
		6444451C27F4D2FA00E89EAC /* Release */ = {
			isa = XCBuildConfiguration;
			buildSettings = {
				ALWAYS_SEARCH_USER_PATHS = NO;
				CLANG_ANALYZER_NONNULL = YES;
				CLANG_ANALYZER_NUMBER_OBJECT_CONVERSION = YES_AGGRESSIVE;
				CLANG_CXX_LANGUAGE_STANDARD = "c++17";
				CLANG_ENABLE_MODULES = YES;
				CLANG_ENABLE_OBJC_ARC = YES;
				CLANG_ENABLE_OBJC_WEAK = YES;
				CLANG_WARN_BLOCK_CAPTURE_AUTORELEASING = YES;
				CLANG_WARN_BOOL_CONVERSION = YES;
				CLANG_WARN_COMMA = YES;
				CLANG_WARN_CONSTANT_CONVERSION = YES;
				CLANG_WARN_DEPRECATED_OBJC_IMPLEMENTATIONS = YES;
				CLANG_WARN_DIRECT_OBJC_ISA_USAGE = YES_ERROR;
				CLANG_WARN_DOCUMENTATION_COMMENTS = YES;
				CLANG_WARN_EMPTY_BODY = YES;
				CLANG_WARN_ENUM_CONVERSION = YES;
				CLANG_WARN_INFINITE_RECURSION = YES;
				CLANG_WARN_INT_CONVERSION = YES;
				CLANG_WARN_NON_LITERAL_NULL_CONVERSION = YES;
				CLANG_WARN_OBJC_IMPLICIT_RETAIN_SELF = YES;
				CLANG_WARN_OBJC_LITERAL_CONVERSION = YES;
				CLANG_WARN_OBJC_ROOT_CLASS = YES_ERROR;
				CLANG_WARN_QUOTED_INCLUDE_IN_FRAMEWORK_HEADER = YES;
				CLANG_WARN_RANGE_LOOP_ANALYSIS = YES;
				CLANG_WARN_STRICT_PROTOTYPES = YES;
				CLANG_WARN_SUSPICIOUS_MOVE = YES;
				CLANG_WARN_UNGUARDED_AVAILABILITY = YES_AGGRESSIVE;
				CLANG_WARN_UNREACHABLE_CODE = YES;
				CLANG_WARN__DUPLICATE_METHOD_MATCH = YES;
				COPY_PHASE_STRIP = NO;
				DEBUG_INFORMATION_FORMAT = "dwarf-with-dsym";
				ENABLE_NS_ASSERTIONS = NO;
				ENABLE_STRICT_OBJC_MSGSEND = YES;
				GCC_C_LANGUAGE_STANDARD = c11;
				GCC_NO_COMMON_BLOCKS = YES;
				GCC_WARN_64_TO_32_BIT_CONVERSION = YES;
				GCC_WARN_ABOUT_RETURN_TYPE = YES_ERROR;
				GCC_WARN_UNDECLARED_SELECTOR = YES;
				GCC_WARN_UNINITIALIZED_AUTOS = YES_AGGRESSIVE;
				GCC_WARN_UNUSED_FUNCTION = YES;
				GCC_WARN_UNUSED_VARIABLE = YES;
				MACOSX_DEPLOYMENT_TARGET = 12.3;
				MTL_ENABLE_DEBUG_INFO = NO;
				MTL_FAST_MATH = YES;
				SDKROOT = macosx;
				USER_HEADER_SEARCH_PATHS = "";
			};
			name = Release;
		};
		6444451E27F4D2FA00E89EAC /* Debug */ = {
			isa = XCBuildConfiguration;
			buildSettings = {
				CODE_SIGN_STYLE = Automatic;
				DEVELOPMENT_TEAM = CF264WE69M;
				ENABLE_HARDENED_RUNTIME = YES;
				PRODUCT_NAME = "$(TARGET_NAME)";
			};
			name = Debug;
		};
		6444451F27F4D2FA00E89EAC /* Release */ = {
			isa = XCBuildConfiguration;
			buildSettings = {
				CODE_SIGN_STYLE = Automatic;
				DEVELOPMENT_TEAM = CF264WE69M;
				ENABLE_HARDENED_RUNTIME = YES;
				PRODUCT_NAME = "$(TARGET_NAME)";
			};
			name = Release;
		};
/* End XCBuildConfiguration section */

/* Begin XCConfigurationList section */
		6444451127F4D2FA00E89EAC /* Build configuration list for PBXProject "uox" */ = {
			isa = XCConfigurationList;
			buildConfigurations = (
				6444451B27F4D2FA00E89EAC /* Debug */,
				6444451C27F4D2FA00E89EAC /* Release */,
			);
			defaultConfigurationIsVisible = 0;
			defaultConfigurationName = Release;
		};
		6444451D27F4D2FA00E89EAC /* Build configuration list for PBXNativeTarget "uox" */ = {
			isa = XCConfigurationList;
			buildConfigurations = (
				6444451E27F4D2FA00E89EAC /* Debug */,
				6444451F27F4D2FA00E89EAC /* Release */,
			);
			defaultConfigurationIsVisible = 0;
			defaultConfigurationName = Release;
		};
/* End XCConfigurationList section */
	};
	rootObject = 6444450E27F4D2FA00E89EAC /* Project object */;
}
